// !$*UTF8*$!
{
	archiveVersion = 1;
	classes = {
	};
	objectVersion = 51;
	objects = {

/* Begin PBXBuildFile section */
		882F430613367AE1CDB20A87 /* Pods_AppClothesProject.framework in Frameworks */ = {isa = PBXBuildFile; fileRef = 4F5E7CAE1E5A56D107587B2E /* Pods_AppClothesProject.framework */; };
		96548F8928CE8DB000E8436D /* SignUpLogin.storyboard in Resources */ = {isa = PBXBuildFile; fileRef = 96548F8828CE8DB000E8436D /* SignUpLogin.storyboard */; };
		965ED88428CCCC3C00AE9E39 /* AppDelegate.swift in Sources */ = {isa = PBXBuildFile; fileRef = 965ED88328CCCC3C00AE9E39 /* AppDelegate.swift */; };
		965ED88628CCCC3C00AE9E39 /* SceneDelegate.swift in Sources */ = {isa = PBXBuildFile; fileRef = 965ED88528CCCC3C00AE9E39 /* SceneDelegate.swift */; };
		965ED88828CCCC3C00AE9E39 /* HomeVC.swift in Sources */ = {isa = PBXBuildFile; fileRef = 965ED88728CCCC3C00AE9E39 /* HomeVC.swift */; };
		965ED88B28CCCC3C00AE9E39 /* Main.storyboard in Resources */ = {isa = PBXBuildFile; fileRef = 965ED88928CCCC3C00AE9E39 /* Main.storyboard */; };
		965ED88E28CCCC3C00AE9E39 /* AppClothesProject.xcdatamodeld in Sources */ = {isa = PBXBuildFile; fileRef = 965ED88C28CCCC3C00AE9E39 /* AppClothesProject.xcdatamodeld */; };
		965ED89028CCCC4000AE9E39 /* Assets.xcassets in Resources */ = {isa = PBXBuildFile; fileRef = 965ED88F28CCCC4000AE9E39 /* Assets.xcassets */; };
		965ED89328CCCC4000AE9E39 /* LaunchScreen.storyboard in Resources */ = {isa = PBXBuildFile; fileRef = 965ED89128CCCC4000AE9E39 /* LaunchScreen.storyboard */; };
		9664CF7B28CF6D660002F308 /* MainPage.swift in Sources */ = {isa = PBXBuildFile; fileRef = 9664CF7A28CF6D660002F308 /* MainPage.swift */; };
		9664CF7E28CF6DA60002F308 /* Login.swift in Sources */ = {isa = PBXBuildFile; fileRef = 9664CF7D28CF6DA60002F308 /* Login.swift */; };
		9664CF8128CF6DC20002F308 /* Sign Up.swift in Sources */ = {isa = PBXBuildFile; fileRef = 9664CF8028CF6DC20002F308 /* Sign Up.swift */; };
		EA5CC97428CFBCAA003B3EA4 /* ColourCell.swift in Sources */ = {isa = PBXBuildFile; fileRef = EA5CC97328CFBCAA003B3EA4 /* ColourCell.swift */; };
		EA5CC97628CFC15B003B3EA4 /* SizeCell.swift in Sources */ = {isa = PBXBuildFile; fileRef = EA5CC97528CFC15B003B3EA4 /* SizeCell.swift */; };
		EA5CC97828D0BFCD003B3EA4 /* ProfileVC.swift in Sources */ = {isa = PBXBuildFile; fileRef = EA5CC97728D0BFCD003B3EA4 /* ProfileVC.swift */; };
		EA6C084F28CFA81E000E2768 /* API.swift in Sources */ = {isa = PBXBuildFile; fileRef = EA6C084E28CFA81E000E2768 /* API.swift */; };
		EA6C085128CFA8A3000E2768 /* User.swift in Sources */ = {isa = PBXBuildFile; fileRef = EA6C085028CFA8A3000E2768 /* User.swift */; };
		EA7A66BD28CFA5C500758829 /* UserAPI.swift in Sources */ = {isa = PBXBuildFile; fileRef = EA7A66BC28CFA5C500758829 /* UserAPI.swift */; };
		EA9EF6DC28CCD32200194F49 /* ClothesCell.swift in Sources */ = {isa = PBXBuildFile; fileRef = EA9EF6DB28CCD32200194F49 /* ClothesCell.swift */; };
		EA9EF6DE28CCD34300194F49 /* Clothes.swift in Sources */ = {isa = PBXBuildFile; fileRef = EA9EF6DD28CCD34300194F49 /* Clothes.swift */; };
		EA9EF6E028CCDDDB00194F49 /* DetailsVC.swift in Sources */ = {isa = PBXBuildFile; fileRef = EA9EF6DF28CCDDDB00194F49 /* DetailsVC.swift */; };
		EA9EF6E228CD078400194F49 /* CartVC.swift in Sources */ = {isa = PBXBuildFile; fileRef = EA9EF6E128CD078400194F49 /* CartVC.swift */; };
		EA9EF6E728CD143600194F49 /* CardCell.swift in Sources */ = {isa = PBXBuildFile; fileRef = EA9EF6E628CD143600194F49 /* CardCell.swift */; };
		EAB3FE9528CF9C2200FA7BCA /* HomeMain.storyboard in Resources */ = {isa = PBXBuildFile; fileRef = EAB3FE9428CF9C2200FA7BCA /* HomeMain.storyboard */; };
/* End PBXBuildFile section */

/* Begin PBXFileReference section */
		4F5E7CAE1E5A56D107587B2E /* Pods_AppClothesProject.framework */ = {isa = PBXFileReference; explicitFileType = wrapper.framework; includeInIndex = 0; path = Pods_AppClothesProject.framework; sourceTree = BUILT_PRODUCTS_DIR; };
		5E488ADDCF5E11366020E0BF /* Pods-AppClothesProject.debug.xcconfig */ = {isa = PBXFileReference; includeInIndex = 1; lastKnownFileType = text.xcconfig; name = "Pods-AppClothesProject.debug.xcconfig"; path = "Target Support Files/Pods-AppClothesProject/Pods-AppClothesProject.debug.xcconfig"; sourceTree = "<group>"; };
		9544C9B47ACA3C7D00F0BFAD /* Pods-AppClothesProject.release.xcconfig */ = {isa = PBXFileReference; includeInIndex = 1; lastKnownFileType = text.xcconfig; name = "Pods-AppClothesProject.release.xcconfig"; path = "Target Support Files/Pods-AppClothesProject/Pods-AppClothesProject.release.xcconfig"; sourceTree = "<group>"; };
		96548F8828CE8DB000E8436D /* SignUpLogin.storyboard */ = {isa = PBXFileReference; lastKnownFileType = file.storyboard; path = SignUpLogin.storyboard; sourceTree = "<group>"; };
		965ED88028CCCC3C00AE9E39 /* AppClothesProject.app */ = {isa = PBXFileReference; explicitFileType = wrapper.application; includeInIndex = 0; path = AppClothesProject.app; sourceTree = BUILT_PRODUCTS_DIR; };
		965ED88328CCCC3C00AE9E39 /* AppDelegate.swift */ = {isa = PBXFileReference; lastKnownFileType = sourcecode.swift; path = AppDelegate.swift; sourceTree = "<group>"; };
		965ED88528CCCC3C00AE9E39 /* SceneDelegate.swift */ = {isa = PBXFileReference; lastKnownFileType = sourcecode.swift; path = SceneDelegate.swift; sourceTree = "<group>"; };
		965ED88728CCCC3C00AE9E39 /* HomeVC.swift */ = {isa = PBXFileReference; lastKnownFileType = sourcecode.swift; path = HomeVC.swift; sourceTree = "<group>"; };
		965ED88A28CCCC3C00AE9E39 /* Base */ = {isa = PBXFileReference; lastKnownFileType = file.storyboard; name = Base; path = Base.lproj/Main.storyboard; sourceTree = "<group>"; };
		965ED88D28CCCC3C00AE9E39 /* AppClothesProject.xcdatamodel */ = {isa = PBXFileReference; lastKnownFileType = wrapper.xcdatamodel; path = AppClothesProject.xcdatamodel; sourceTree = "<group>"; };
		965ED88F28CCCC4000AE9E39 /* Assets.xcassets */ = {isa = PBXFileReference; lastKnownFileType = folder.assetcatalog; path = Assets.xcassets; sourceTree = "<group>"; };
		965ED89228CCCC4000AE9E39 /* Base */ = {isa = PBXFileReference; lastKnownFileType = file.storyboard; name = Base; path = Base.lproj/LaunchScreen.storyboard; sourceTree = "<group>"; };
		965ED89428CCCC4000AE9E39 /* Info.plist */ = {isa = PBXFileReference; lastKnownFileType = text.plist.xml; path = Info.plist; sourceTree = "<group>"; };
		9664CF7A28CF6D660002F308 /* MainPage.swift */ = {isa = PBXFileReference; lastKnownFileType = sourcecode.swift; path = MainPage.swift; sourceTree = "<group>"; };
		9664CF7D28CF6DA60002F308 /* Login.swift */ = {isa = PBXFileReference; lastKnownFileType = sourcecode.swift; path = Login.swift; sourceTree = "<group>"; };
		9664CF8028CF6DC20002F308 /* Sign Up.swift */ = {isa = PBXFileReference; lastKnownFileType = sourcecode.swift; path = "Sign Up.swift"; sourceTree = "<group>"; };
		EA5CC97328CFBCAA003B3EA4 /* ColourCell.swift */ = {isa = PBXFileReference; lastKnownFileType = sourcecode.swift; path = ColourCell.swift; sourceTree = "<group>"; };
		EA5CC97528CFC15B003B3EA4 /* SizeCell.swift */ = {isa = PBXFileReference; lastKnownFileType = sourcecode.swift; path = SizeCell.swift; sourceTree = "<group>"; };
		EA5CC97728D0BFCD003B3EA4 /* ProfileVC.swift */ = {isa = PBXFileReference; lastKnownFileType = sourcecode.swift; path = ProfileVC.swift; sourceTree = "<group>"; };
		EA6C084E28CFA81E000E2768 /* API.swift */ = {isa = PBXFileReference; lastKnownFileType = sourcecode.swift; path = API.swift; sourceTree = "<group>"; };
		EA6C085028CFA8A3000E2768 /* User.swift */ = {isa = PBXFileReference; lastKnownFileType = sourcecode.swift; path = User.swift; sourceTree = "<group>"; };
		EA7A66BC28CFA5C500758829 /* UserAPI.swift */ = {isa = PBXFileReference; lastKnownFileType = sourcecode.swift; path = UserAPI.swift; sourceTree = "<group>"; };
		EA9EF6DB28CCD32200194F49 /* ClothesCell.swift */ = {isa = PBXFileReference; lastKnownFileType = sourcecode.swift; path = ClothesCell.swift; sourceTree = "<group>"; };
		EA9EF6DD28CCD34300194F49 /* Clothes.swift */ = {isa = PBXFileReference; lastKnownFileType = sourcecode.swift; path = Clothes.swift; sourceTree = "<group>"; };
		EA9EF6DF28CCDDDB00194F49 /* DetailsVC.swift */ = {isa = PBXFileReference; lastKnownFileType = sourcecode.swift; path = DetailsVC.swift; sourceTree = "<group>"; };
		EA9EF6E128CD078400194F49 /* CartVC.swift */ = {isa = PBXFileReference; lastKnownFileType = sourcecode.swift; path = CartVC.swift; sourceTree = "<group>"; };
		EA9EF6E628CD143600194F49 /* CardCell.swift */ = {isa = PBXFileReference; lastKnownFileType = sourcecode.swift; path = CardCell.swift; sourceTree = "<group>"; };
		EAB3FE9428CF9C2200FA7BCA /* HomeMain.storyboard */ = {isa = PBXFileReference; lastKnownFileType = file.storyboard; path = HomeMain.storyboard; sourceTree = "<group>"; };
/* End PBXFileReference section */

/* Begin PBXFrameworksBuildPhase section */
		965ED87D28CCCC3C00AE9E39 /* Frameworks */ = {
			isa = PBXFrameworksBuildPhase;
			buildActionMask = 2147483647;
			files = (
				882F430613367AE1CDB20A87 /* Pods_AppClothesProject.framework in Frameworks */,
			);
			runOnlyForDeploymentPostprocessing = 0;
		};
/* End PBXFrameworksBuildPhase section */

/* Begin PBXGroup section */
		566C30AFEB8C4C5942B40F9D /* Frameworks */ = {
			isa = PBXGroup;
			children = (
				4F5E7CAE1E5A56D107587B2E /* Pods_AppClothesProject.framework */,
			);
			name = Frameworks;
			sourceTree = "<group>";
		};
		6D10F0D85F046A9A59FE8912 /* Pods */ = {
			isa = PBXGroup;
			children = (
				5E488ADDCF5E11366020E0BF /* Pods-AppClothesProject.debug.xcconfig */,
				9544C9B47ACA3C7D00F0BFAD /* Pods-AppClothesProject.release.xcconfig */,
			);
			path = Pods;
			sourceTree = "<group>";
		};
		965ED87728CCCC3C00AE9E39 = {
			isa = PBXGroup;
			children = (
				965ED88228CCCC3C00AE9E39 /* AppClothesProject */,
				965ED88128CCCC3C00AE9E39 /* Products */,
				6D10F0D85F046A9A59FE8912 /* Pods */,
				566C30AFEB8C4C5942B40F9D /* Frameworks */,
			);
			sourceTree = "<group>";
		};
		965ED88128CCCC3C00AE9E39 /* Products */ = {
			isa = PBXGroup;
			children = (
				965ED88028CCCC3C00AE9E39 /* AppClothesProject.app */,
			);
			name = Products;
			sourceTree = "<group>";
		};
		965ED88228CCCC3C00AE9E39 /* AppClothesProject */ = {
			isa = PBXGroup;
			children = (
				EA7A66BB28CFA4ED00758829 /* Networking */,
				EAB3FE9328CF9BF500FA7BCA /* Mains */,
				EA9EF6E528CD10AE00194F49 /* Model */,
				EA9EF6E428CD109A00194F49 /* Controller */,
				EA9EF6E328CD109500194F49 /* Views */,
				965ED88328CCCC3C00AE9E39 /* AppDelegate.swift */,
				965ED88528CCCC3C00AE9E39 /* SceneDelegate.swift */,
				965ED88F28CCCC4000AE9E39 /* Assets.xcassets */,
				965ED89428CCCC4000AE9E39 /* Info.plist */,
				965ED88C28CCCC3C00AE9E39 /* AppClothesProject.xcdatamodeld */,
			);
			path = AppClothesProject;
			sourceTree = "<group>";
		};
		EA7A66BB28CFA4ED00758829 /* Networking */ = {
			isa = PBXGroup;
			children = (
				EA7A66BC28CFA5C500758829 /* UserAPI.swift */,
				EA6C084E28CFA81E000E2768 /* API.swift */,
			);
			path = Networking;
			sourceTree = "<group>";
		};
		EA9EF6E328CD109500194F49 /* Views */ = {
			isa = PBXGroup;
			children = (
				EA9EF6DB28CCD32200194F49 /* ClothesCell.swift */,
				EA9EF6E628CD143600194F49 /* CardCell.swift */,
				EA5CC97328CFBCAA003B3EA4 /* ColourCell.swift */,
				EA5CC97528CFC15B003B3EA4 /* SizeCell.swift */,
			);
			path = Views;
			sourceTree = "<group>";
		};
		EA9EF6E428CD109A00194F49 /* Controller */ = {
			isa = PBXGroup;
			children = (
				9664CF7A28CF6D660002F308 /* MainPage.swift */,
				9664CF7D28CF6DA60002F308 /* Login.swift */,
				9664CF8028CF6DC20002F308 /* Sign Up.swift */,
				965ED88728CCCC3C00AE9E39 /* HomeVC.swift */,
				EA9EF6DF28CCDDDB00194F49 /* DetailsVC.swift */,
				EA9EF6E128CD078400194F49 /* CartVC.swift */,
				EA5CC97728D0BFCD003B3EA4 /* ProfileVC.swift */,
			);
			path = Controller;
			sourceTree = "<group>";
		};
		EA9EF6E528CD10AE00194F49 /* Model */ = {
			isa = PBXGroup;
			children = (
				EA9EF6DD28CCD34300194F49 /* Clothes.swift */,
				EA6C085028CFA8A3000E2768 /* User.swift */,
			);
			path = Model;
			sourceTree = "<group>";
		};
		EAB3FE9328CF9BF500FA7BCA /* Mains */ = {
			isa = PBXGroup;
			children = (
				965ED89128CCCC4000AE9E39 /* LaunchScreen.storyboard */,
				965ED88928CCCC3C00AE9E39 /* Main.storyboard */,
				96548F8828CE8DB000E8436D /* SignUpLogin.storyboard */,
				EAB3FE9428CF9C2200FA7BCA /* HomeMain.storyboard */,
			);
			path = Mains;
			sourceTree = "<group>";
		};
/* End PBXGroup section */

/* Begin PBXNativeTarget section */
		965ED87F28CCCC3C00AE9E39 /* AppClothesProject */ = {
			isa = PBXNativeTarget;
			buildConfigurationList = 965ED89728CCCC4000AE9E39 /* Build configuration list for PBXNativeTarget "AppClothesProject" */;
			buildPhases = (
				0B62B3FE45DB18D7D6368416 /* [CP] Check Pods Manifest.lock */,
				965ED87C28CCCC3C00AE9E39 /* Sources */,
				965ED87D28CCCC3C00AE9E39 /* Frameworks */,
				965ED87E28CCCC3C00AE9E39 /* Resources */,
				B6D1D43A5256921C6A9136F7 /* [CP] Embed Pods Frameworks */,
			);
			buildRules = (
			);
			dependencies = (
			);
			name = AppClothesProject;
			productName = AppClothesProject;
			productReference = 965ED88028CCCC3C00AE9E39 /* AppClothesProject.app */;
			productType = "com.apple.product-type.application";
		};
/* End PBXNativeTarget section */

/* Begin PBXProject section */
		965ED87828CCCC3C00AE9E39 /* Project object */ = {
			isa = PBXProject;
			attributes = {
				LastSwiftUpdateCheck = 1240;
				LastUpgradeCheck = 1240;
				TargetAttributes = {
					965ED87F28CCCC3C00AE9E39 = {
						CreatedOnToolsVersion = 12.4;
					};
				};
			};
			buildConfigurationList = 965ED87B28CCCC3C00AE9E39 /* Build configuration list for PBXProject "AppClothesProject" */;
			compatibilityVersion = "Xcode 9.3";
			developmentRegion = en;
			hasScannedForEncodings = 0;
			knownRegions = (
				en,
				Base,
			);
			mainGroup = 965ED87728CCCC3C00AE9E39;
			productRefGroup = 965ED88128CCCC3C00AE9E39 /* Products */;
			projectDirPath = "";
			projectRoot = "";
			targets = (
				965ED87F28CCCC3C00AE9E39 /* AppClothesProject */,
			);
		};
/* End PBXProject section */

/* Begin PBXResourcesBuildPhase section */
		965ED87E28CCCC3C00AE9E39 /* Resources */ = {
			isa = PBXResourcesBuildPhase;
			buildActionMask = 2147483647;
			files = (
				EAB3FE9528CF9C2200FA7BCA /* HomeMain.storyboard in Resources */,
				96548F8928CE8DB000E8436D /* SignUpLogin.storyboard in Resources */,
				965ED89328CCCC4000AE9E39 /* LaunchScreen.storyboard in Resources */,
				965ED89028CCCC4000AE9E39 /* Assets.xcassets in Resources */,
				965ED88B28CCCC3C00AE9E39 /* Main.storyboard in Resources */,
			);
			runOnlyForDeploymentPostprocessing = 0;
		};
/* End PBXResourcesBuildPhase section */

/* Begin PBXShellScriptBuildPhase section */
		0B62B3FE45DB18D7D6368416 /* [CP] Check Pods Manifest.lock */ = {
			isa = PBXShellScriptBuildPhase;
			buildActionMask = 2147483647;
			files = (
			);
			inputFileListPaths = (
			);
			inputPaths = (
				"${PODS_PODFILE_DIR_PATH}/Podfile.lock",
				"${PODS_ROOT}/Manifest.lock",
			);
			name = "[CP] Check Pods Manifest.lock";
			outputFileListPaths = (
			);
			outputPaths = (
				"$(DERIVED_FILE_DIR)/Pods-AppClothesProject-checkManifestLockResult.txt",
			);
			runOnlyForDeploymentPostprocessing = 0;
			shellPath = /bin/sh;
			shellScript = "diff \"${PODS_PODFILE_DIR_PATH}/Podfile.lock\" \"${PODS_ROOT}/Manifest.lock\" > /dev/null\nif [ $? != 0 ] ; then\n    # print error to STDERR\n    echo \"error: The sandbox is not in sync with the Podfile.lock. Run 'pod install' or update your CocoaPods installation.\" >&2\n    exit 1\nfi\n# This output is used by Xcode 'outputs' to avoid re-running this script phase.\necho \"SUCCESS\" > \"${SCRIPT_OUTPUT_FILE_0}\"\n";
			showEnvVarsInLog = 0;
		};
		B6D1D43A5256921C6A9136F7 /* [CP] Embed Pods Frameworks */ = {
			isa = PBXShellScriptBuildPhase;
			buildActionMask = 2147483647;
			files = (
			);
			inputFileListPaths = (
				"${PODS_ROOT}/Target Support Files/Pods-AppClothesProject/Pods-AppClothesProject-frameworks-${CONFIGURATION}-input-files.xcfilelist",
			);
			name = "[CP] Embed Pods Frameworks";
			outputFileListPaths = (
				"${PODS_ROOT}/Target Support Files/Pods-AppClothesProject/Pods-AppClothesProject-frameworks-${CONFIGURATION}-output-files.xcfilelist",
			);
			runOnlyForDeploymentPostprocessing = 0;
			shellPath = /bin/sh;
			shellScript = "\"${PODS_ROOT}/Target Support Files/Pods-AppClothesProject/Pods-AppClothesProject-frameworks.sh\"\n";
			showEnvVarsInLog = 0;
		};
/* End PBXShellScriptBuildPhase section */

/* Begin PBXSourcesBuildPhase section */
		965ED87C28CCCC3C00AE9E39 /* Sources */ = {
			isa = PBXSourcesBuildPhase;
			buildActionMask = 2147483647;
			files = (
				EA9EF6DE28CCD34300194F49 /* Clothes.swift in Sources */,
				965ED88E28CCCC3C00AE9E39 /* AppClothesProject.xcdatamodeld in Sources */,
				EA9EF6E228CD078400194F49 /* CartVC.swift in Sources */,
				965ED88828CCCC3C00AE9E39 /* HomeVC.swift in Sources */,
				EA9EF6DC28CCD32200194F49 /* ClothesCell.swift in Sources */,
				9664CF7B28CF6D660002F308 /* MainPage.swift in Sources */,
				EA6C084F28CFA81E000E2768 /* API.swift in Sources */,
				EA7A66BD28CFA5C500758829 /* UserAPI.swift in Sources */,
				EA6C085128CFA8A3000E2768 /* User.swift in Sources */,
				EA9EF6E028CCDDDB00194F49 /* DetailsVC.swift in Sources */,
				965ED88428CCCC3C00AE9E39 /* AppDelegate.swift in Sources */,
				965ED88628CCCC3C00AE9E39 /* SceneDelegate.swift in Sources */,
				EA5CC97828D0BFCD003B3EA4 /* ProfileVC.swift in Sources */,
				9664CF7E28CF6DA60002F308 /* Login.swift in Sources */,
				EA5CC97628CFC15B003B3EA4 /* SizeCell.swift in Sources */,
				9664CF8128CF6DC20002F308 /* Sign Up.swift in Sources */,
				EA9EF6E728CD143600194F49 /* CardCell.swift in Sources */,
				EA5CC97428CFBCAA003B3EA4 /* ColourCell.swift in Sources */,
			);
			runOnlyForDeploymentPostprocessing = 0;
		};
/* End PBXSourcesBuildPhase section */

/* Begin PBXVariantGroup section */
		965ED88928CCCC3C00AE9E39 /* Main.storyboard */ = {
			isa = PBXVariantGroup;
			children = (
				965ED88A28CCCC3C00AE9E39 /* Base */,
			);
			name = Main.storyboard;
			sourceTree = "<group>";
		};
		965ED89128CCCC4000AE9E39 /* LaunchScreen.storyboard */ = {
			isa = PBXVariantGroup;
			children = (
				965ED89228CCCC4000AE9E39 /* Base */,
			);
			name = LaunchScreen.storyboard;
			sourceTree = "<group>";
		};
/* End PBXVariantGroup section */

/* Begin XCBuildConfiguration section */
		965ED89528CCCC4000AE9E39 /* Debug */ = {
			isa = XCBuildConfiguration;
			buildSettings = {
				ALWAYS_SEARCH_USER_PATHS = NO;
				CLANG_ANALYZER_NONNULL = YES;
				CLANG_ANALYZER_NUMBER_OBJECT_CONVERSION = YES_AGGRESSIVE;
				CLANG_CXX_LANGUAGE_STANDARD = "gnu++14";
				CLANG_CXX_LIBRARY = "libc++";
				CLANG_ENABLE_MODULES = YES;
				CLANG_ENABLE_OBJC_ARC = YES;
				CLANG_ENABLE_OBJC_WEAK = YES;
				CLANG_WARN_BLOCK_CAPTURE_AUTORELEASING = YES;
				CLANG_WARN_BOOL_CONVERSION = YES;
				CLANG_WARN_COMMA = YES;
				CLANG_WARN_CONSTANT_CONVERSION = YES;
				CLANG_WARN_DEPRECATED_OBJC_IMPLEMENTATIONS = YES;
				CLANG_WARN_DIRECT_OBJC_ISA_USAGE = YES_ERROR;
				CLANG_WARN_DOCUMENTATION_COMMENTS = YES;
				CLANG_WARN_EMPTY_BODY = YES;
				CLANG_WARN_ENUM_CONVERSION = YES;
				CLANG_WARN_INFINITE_RECURSION = YES;
				CLANG_WARN_INT_CONVERSION = YES;
				CLANG_WARN_NON_LITERAL_NULL_CONVERSION = YES;
				CLANG_WARN_OBJC_IMPLICIT_RETAIN_SELF = YES;
				CLANG_WARN_OBJC_LITERAL_CONVERSION = YES;
				CLANG_WARN_OBJC_ROOT_CLASS = YES_ERROR;
				CLANG_WARN_QUOTED_INCLUDE_IN_FRAMEWORK_HEADER = YES;
				CLANG_WARN_RANGE_LOOP_ANALYSIS = YES;
				CLANG_WARN_STRICT_PROTOTYPES = YES;
				CLANG_WARN_SUSPICIOUS_MOVE = YES;
				CLANG_WARN_UNGUARDED_AVAILABILITY = YES_AGGRESSIVE;
				CLANG_WARN_UNREACHABLE_CODE = YES;
				CLANG_WARN__DUPLICATE_METHOD_MATCH = YES;
				COPY_PHASE_STRIP = NO;
				DEBUG_INFORMATION_FORMAT = dwarf;
				ENABLE_STRICT_OBJC_MSGSEND = YES;
				ENABLE_TESTABILITY = YES;
				GCC_C_LANGUAGE_STANDARD = gnu11;
				GCC_DYNAMIC_NO_PIC = NO;
				GCC_NO_COMMON_BLOCKS = YES;
				GCC_OPTIMIZATION_LEVEL = 0;
				GCC_PREPROCESSOR_DEFINITIONS = (
					"DEBUG=1",
					"$(inherited)",
				);
				GCC_WARN_64_TO_32_BIT_CONVERSION = YES;
				GCC_WARN_ABOUT_RETURN_TYPE = YES_ERROR;
				GCC_WARN_UNDECLARED_SELECTOR = YES;
				GCC_WARN_UNINITIALIZED_AUTOS = YES_AGGRESSIVE;
				GCC_WARN_UNUSED_FUNCTION = YES;
				GCC_WARN_UNUSED_VARIABLE = YES;
				IPHONEOS_DEPLOYMENT_TARGET = 14.4;
				MTL_ENABLE_DEBUG_INFO = INCLUDE_SOURCE;
				MTL_FAST_MATH = YES;
				ONLY_ACTIVE_ARCH = YES;
				SDKROOT = iphoneos;
				SWIFT_ACTIVE_COMPILATION_CONDITIONS = DEBUG;
				SWIFT_OPTIMIZATION_LEVEL = "-Onone";
			};
			name = Debug;
		};
		965ED89628CCCC4000AE9E39 /* Release */ = {
			isa = XCBuildConfiguration;
			buildSettings = {
				ALWAYS_SEARCH_USER_PATHS = NO;
				CLANG_ANALYZER_NONNULL = YES;
				CLANG_ANALYZER_NUMBER_OBJECT_CONVERSION = YES_AGGRESSIVE;
				CLANG_CXX_LANGUAGE_STANDARD = "gnu++14";
				CLANG_CXX_LIBRARY = "libc++";
				CLANG_ENABLE_MODULES = YES;
				CLANG_ENABLE_OBJC_ARC = YES;
				CLANG_ENABLE_OBJC_WEAK = YES;
				CLANG_WARN_BLOCK_CAPTURE_AUTORELEASING = YES;
				CLANG_WARN_BOOL_CONVERSION = YES;
				CLANG_WARN_COMMA = YES;
				CLANG_WARN_CONSTANT_CONVERSION = YES;
				CLANG_WARN_DEPRECATED_OBJC_IMPLEMENTATIONS = YES;
				CLANG_WARN_DIRECT_OBJC_ISA_USAGE = YES_ERROR;
				CLANG_WARN_DOCUMENTATION_COMMENTS = YES;
				CLANG_WARN_EMPTY_BODY = YES;
				CLANG_WARN_ENUM_CONVERSION = YES;
				CLANG_WARN_INFINITE_RECURSION = YES;
				CLANG_WARN_INT_CONVERSION = YES;
				CLANG_WARN_NON_LITERAL_NULL_CONVERSION = YES;
				CLANG_WARN_OBJC_IMPLICIT_RETAIN_SELF = YES;
				CLANG_WARN_OBJC_LITERAL_CONVERSION = YES;
				CLANG_WARN_OBJC_ROOT_CLASS = YES_ERROR;
				CLANG_WARN_QUOTED_INCLUDE_IN_FRAMEWORK_HEADER = YES;
				CLANG_WARN_RANGE_LOOP_ANALYSIS = YES;
				CLANG_WARN_STRICT_PROTOTYPES = YES;
				CLANG_WARN_SUSPICIOUS_MOVE = YES;
				CLANG_WARN_UNGUARDED_AVAILABILITY = YES_AGGRESSIVE;
				CLANG_WARN_UNREACHABLE_CODE = YES;
				CLANG_WARN__DUPLICATE_METHOD_MATCH = YES;
				COPY_PHASE_STRIP = NO;
				DEBUG_INFORMATION_FORMAT = "dwarf-with-dsym";
				ENABLE_NS_ASSERTIONS = NO;
				ENABLE_STRICT_OBJC_MSGSEND = YES;
				GCC_C_LANGUAGE_STANDARD = gnu11;
				GCC_NO_COMMON_BLOCKS = YES;
				GCC_WARN_64_TO_32_BIT_CONVERSION = YES;
				GCC_WARN_ABOUT_RETURN_TYPE = YES_ERROR;
				GCC_WARN_UNDECLARED_SELECTOR = YES;
				GCC_WARN_UNINITIALIZED_AUTOS = YES_AGGRESSIVE;
				GCC_WARN_UNUSED_FUNCTION = YES;
				GCC_WARN_UNUSED_VARIABLE = YES;
				IPHONEOS_DEPLOYMENT_TARGET = 14.4;
				MTL_ENABLE_DEBUG_INFO = NO;
				MTL_FAST_MATH = YES;
				SDKROOT = iphoneos;
				SWIFT_COMPILATION_MODE = wholemodule;
				SWIFT_OPTIMIZATION_LEVEL = "-O";
				VALIDATE_PRODUCT = YES;
			};
			name = Release;
		};
		965ED89828CCCC4000AE9E39 /* Debug */ = {
			isa = XCBuildConfiguration;
			baseConfigurationReference = 5E488ADDCF5E11366020E0BF /* Pods-AppClothesProject.debug.xcconfig */;
			buildSettings = {
				ASSETCATALOG_COMPILER_APPICON_NAME = AppIcon;
				ASSETCATALOG_COMPILER_GLOBAL_ACCENT_COLOR_NAME = AccentColor;
				CODE_SIGN_STYLE = Automatic;
				INFOPLIST_FILE = AppClothesProject/Info.plist;
				LD_RUNPATH_SEARCH_PATHS = (
					"$(inherited)",
					"@executable_path/Frameworks",
				);
				PRODUCT_BUNDLE_IDENTIFIER = task1123.AppClothesProject;
				PRODUCT_NAME = "$(TARGET_NAME)";
				SWIFT_VERSION = 5.0;
				TARGETED_DEVICE_FAMILY = "1,2";
			};
			name = Debug;
		};
		965ED89928CCCC4000AE9E39 /* Release */ = {
			isa = XCBuildConfiguration;
			baseConfigurationReference = 9544C9B47ACA3C7D00F0BFAD /* Pods-AppClothesProject.release.xcconfig */;
			buildSettings = {
				ASSETCATALOG_COMPILER_APPICON_NAME = AppIcon;
				ASSETCATALOG_COMPILER_GLOBAL_ACCENT_COLOR_NAME = AccentColor;
				CODE_SIGN_STYLE = Automatic;
				INFOPLIST_FILE = AppClothesProject/Info.plist;
				LD_RUNPATH_SEARCH_PATHS = (
					"$(inherited)",
					"@executable_path/Frameworks",
				);
				PRODUCT_BUNDLE_IDENTIFIER = task1123.AppClothesProject;
				PRODUCT_NAME = "$(TARGET_NAME)";
				SWIFT_VERSION = 5.0;
				TARGETED_DEVICE_FAMILY = "1,2";
			};
			name = Release;
		};
/* End XCBuildConfiguration section */

/* Begin XCConfigurationList section */
		965ED87B28CCCC3C00AE9E39 /* Build configuration list for PBXProject "AppClothesProject" */ = {
			isa = XCConfigurationList;
			buildConfigurations = (
				965ED89528CCCC4000AE9E39 /* Debug */,
				965ED89628CCCC4000AE9E39 /* Release */,
			);
			defaultConfigurationIsVisible = 0;
			defaultConfigurationName = Release;
		};
		965ED89728CCCC4000AE9E39 /* Build configuration list for PBXNativeTarget "AppClothesProject" */ = {
			isa = XCConfigurationList;
			buildConfigurations = (
				965ED89828CCCC4000AE9E39 /* Debug */,
				965ED89928CCCC4000AE9E39 /* Release */,
			);
			defaultConfigurationIsVisible = 0;
			defaultConfigurationName = Release;
		};
/* End XCConfigurationList section */

/* Begin XCVersionGroup section */
		965ED88C28CCCC3C00AE9E39 /* AppClothesProject.xcdatamodeld */ = {
			isa = XCVersionGroup;
			children = (
				965ED88D28CCCC3C00AE9E39 /* AppClothesProject.xcdatamodel */,
			);
			currentVersion = 965ED88D28CCCC3C00AE9E39 /* AppClothesProject.xcdatamodel */;
			path = AppClothesProject.xcdatamodeld;
			sourceTree = "<group>";
			versionGroupType = wrapper.xcdatamodel;
		};
/* End XCVersionGroup section */
	};
	rootObject = 965ED87828CCCC3C00AE9E39 /* Project object */;
}
